
Microsoft Visual Studio Solution File, Format Version 12.00
# Visual Studio Version 17
VisualStudioVersion = 17.7.34024.191
MinimumVisualStudioVersion = 10.0.40219.1
Project("{FAE04EC0-301F-11D3-BF4B-00C04F79EFBC}") = "31_FountainOfObjects", "31_FountainOfObjects\31_FountainOfObjects.csproj", "{842F370E-33D8-4EE7-BED8-DE9ED5B5BA4D}"
EndProject
Global
	GlobalSection(SolutionConfigurationPlatforms) = preSolution
		Debug|Any CPU = Debug|Any CPU
		Release|Any CPU = Release|Any CPU
	EndGlobalSection
	GlobalSection(ProjectConfigurationPlatforms) = postSolution
		{842F370E-33D8-4EE7-BED8-DE9ED5B5BA4D}.Debug|Any CPU.ActiveCfg = Debug|Any CPU
		{842F370E-33D8-4EE7-BED8-DE9ED5B5BA4D}.Debug|Any CPU.Build.0 = Debug|Any CPU
		{842F370E-33D8-4EE7-BED8-DE9ED5B5BA4D}.Release|Any CPU.ActiveCfg = Release|Any CPU
		{842F370E-33D8-4EE7-BED8-DE9ED5B5BA4D}.Release|Any CPU.Build.0 = Release|Any CPU
	EndGlobalSection
	GlobalSection(SolutionProperties) = preSolution
		HideSolutionNode = FALSE
	EndGlobalSection
	GlobalSection(ExtensibilityGlobals) = postSolution
		SolutionGuid = {0CF2FDBD-1139-407C-A28D-FD5DE7AE2F1F}
	EndGlobalSection
EndGlobal
